// !$*UTF8*$!
{
	archiveVersion = 1;
	classes = {
	};
	objectVersion = 50;
	objects = {

/* Begin PBXBuildFile section */
		673EEA4626534EA700340896 /* libglfw.3.3.dylib in Frameworks */ = {isa = PBXBuildFile; fileRef = 673EEA4526534EA700340896 /* libglfw.3.3.dylib */; };
		673EEA4826534EC900340896 /* libvulkan.1.dylib in Frameworks */ = {isa = PBXBuildFile; fileRef = 673EEA4726534EC900340896 /* libvulkan.1.dylib */; };
		673EEA4A26534ECC00340896 /* libvulkan.1.2.176.dylib in Frameworks */ = {isa = PBXBuildFile; fileRef = 673EEA4926534ECC00340896 /* libvulkan.1.2.176.dylib */; };
		673EEA4D26534F4E00340896 /* libvulkan.1.2.176.dylib in CopyFiles */ = {isa = PBXBuildFile; fileRef = 673EEA4926534ECC00340896 /* libvulkan.1.2.176.dylib */; settings = {ATTRIBUTES = (CodeSignOnCopy, ); }; };
		673EEA4E26534F4E00340896 /* libvulkan.1.dylib in CopyFiles */ = {isa = PBXBuildFile; fileRef = 673EEA4726534EC900340896 /* libvulkan.1.dylib */; settings = {ATTRIBUTES = (CodeSignOnCopy, ); }; };
		673EEA4F26534F4E00340896 /* libglfw.3.3.dylib in CopyFiles */ = {isa = PBXBuildFile; fileRef = 673EEA4526534EA700340896 /* libglfw.3.3.dylib */; settings = {ATTRIBUTES = (CodeSignOnCopy, ); }; };
		673EEA52265D591100340896 /* windowManager.cpp in Sources */ = {isa = PBXBuildFile; fileRef = 673EEA50265D591100340896 /* windowManager.cpp */; };
		673EEA59265E9F8C00340896 /* debugMessengerUtil.cpp in Sources */ = {isa = PBXBuildFile; fileRef = 673EEA57265E9F8C00340896 /* debugMessengerUtil.cpp */; };
		673EEA5C265EA8F200340896 /* vulkan.cpp in Sources */ = {isa = PBXBuildFile; fileRef = 673EEA5A265EA8F200340896 /* vulkan.cpp */; };
		67DA506426531D3A003E0755 /* main.cpp in Sources */ = {isa = PBXBuildFile; fileRef = 67DA506326531D3A003E0755 /* main.cpp */; };
/* End PBXBuildFile section */

/* Begin PBXCopyFilesBuildPhase section */
		67DA505E26531D3A003E0755 /* CopyFiles */ = {
			isa = PBXCopyFilesBuildPhase;
			buildActionMask = 12;
			dstPath = "";
			dstSubfolderSpec = 10;
			files = (
				673EEA4F26534F4E00340896 /* libglfw.3.3.dylib in CopyFiles */,
				673EEA4E26534F4E00340896 /* libvulkan.1.dylib in CopyFiles */,
				673EEA4D26534F4E00340896 /* libvulkan.1.2.176.dylib in CopyFiles */,
			);
			runOnlyForDeploymentPostprocessing = 0;
		};
/* End PBXCopyFilesBuildPhase section */

/* Begin PBXFileReference section */
		673EEA4526534EA700340896 /* libglfw.3.3.dylib */ = {isa = PBXFileReference; lastKnownFileType = "compiled.mach-o.dylib"; name = libglfw.3.3.dylib; path = ../../../../opt/homebrew/lib/libglfw.3.3.dylib; sourceTree = "<group>"; };
		673EEA4726534EC900340896 /* libvulkan.1.dylib */ = {isa = PBXFileReference; lastKnownFileType = "compiled.mach-o.dylib"; name = libvulkan.1.dylib; path = ../../VulkanSDK/1.2.176.1/macOS/lib/libvulkan.1.dylib; sourceTree = "<group>"; };
		673EEA4926534ECC00340896 /* libvulkan.1.2.176.dylib */ = {isa = PBXFileReference; lastKnownFileType = "compiled.mach-o.dylib"; name = libvulkan.1.2.176.dylib; path = ../../VulkanSDK/1.2.176.1/macOS/lib/libvulkan.1.2.176.dylib; sourceTree = "<group>"; };
		673EEA4B26534F1000340896 /* libvulkan.1.dylib */ = {isa = PBXFileReference; lastKnownFileType = "compiled.mach-o.dylib"; name = libvulkan.1.dylib; path = ../../VulkanSDK/1.2.176.1/macOS/lib/libvulkan.1.dylib; sourceTree = "<group>"; };
		673EEA50265D591100340896 /* windowManager.cpp */ = {isa = PBXFileReference; lastKnownFileType = sourcecode.cpp.cpp; path = windowManager.cpp; sourceTree = "<group>"; };
		673EEA51265D591100340896 /* windowManager.hpp */ = {isa = PBXFileReference; lastKnownFileType = sourcecode.cpp.h; path = windowManager.hpp; sourceTree = "<group>"; };
		673EEA57265E9F8C00340896 /* debugMessengerUtil.cpp */ = {isa = PBXFileReference; lastKnownFileType = sourcecode.cpp.cpp; path = debugMessengerUtil.cpp; sourceTree = "<group>"; };
		673EEA58265E9F8C00340896 /* debugMessengerUtil.hpp */ = {isa = PBXFileReference; lastKnownFileType = sourcecode.cpp.h; path = debugMessengerUtil.hpp; sourceTree = "<group>"; };
		673EEA5A265EA8F200340896 /* vulkan.cpp */ = {isa = PBXFileReference; lastKnownFileType = sourcecode.cpp.cpp; path = vulkan.cpp; sourceTree = "<group>"; };
		673EEA5B265EA8F200340896 /* vulkan.hpp */ = {isa = PBXFileReference; lastKnownFileType = sourcecode.cpp.h; path = vulkan.hpp; sourceTree = "<group>"; };
		67DA506026531D3A003E0755 /* vulkan-fun */ = {isa = PBXFileReference; explicitFileType = "compiled.mach-o.executable"; includeInIndex = 0; path = "vulkan-fun"; sourceTree = BUILT_PRODUCTS_DIR; };
		67DA506326531D3A003E0755 /* main.cpp */ = {isa = PBXFileReference; lastKnownFileType = sourcecode.cpp.cpp; path = main.cpp; sourceTree = "<group>"; };
/* End PBXFileReference section */

/* Begin PBXFrameworksBuildPhase section */
		67DA505D26531D3A003E0755 /* Frameworks */ = {
			isa = PBXFrameworksBuildPhase;
			buildActionMask = 2147483647;
			files = (
				673EEA4626534EA700340896 /* libglfw.3.3.dylib in Frameworks */,
				673EEA4826534EC900340896 /* libvulkan.1.dylib in Frameworks */,
				673EEA4A26534ECC00340896 /* libvulkan.1.2.176.dylib in Frameworks */,
			);
			runOnlyForDeploymentPostprocessing = 0;
		};
/* End PBXFrameworksBuildPhase section */

/* Begin PBXGroup section */
		673EEA4426534EA700340896 /* Frameworks */ = {
			isa = PBXGroup;
			children = (
				673EEA4926534ECC00340896 /* libvulkan.1.2.176.dylib */,
				673EEA4726534EC900340896 /* libvulkan.1.dylib */,
				673EEA4526534EA700340896 /* libglfw.3.3.dylib */,
			);
			name = Frameworks;
			sourceTree = "<group>";
		};
		67DA505726531D3A003E0755 = {
			isa = PBXGroup;
			children = (
				673EEA4B26534F1000340896 /* libvulkan.1.dylib */,
				67DA506226531D3A003E0755 /* vulkan-fun */,
				67DA506126531D3A003E0755 /* Products */,
				673EEA4426534EA700340896 /* Frameworks */,
			);
			sourceTree = "<group>";
		};
		67DA506126531D3A003E0755 /* Products */ = {
			isa = PBXGroup;
			children = (
				67DA506026531D3A003E0755 /* vulkan-fun */,
			);
			name = Products;
			sourceTree = "<group>";
		};
		67DA506226531D3A003E0755 /* vulkan-fun */ = {
			isa = PBXGroup;
			children = (
				67DA506326531D3A003E0755 /* main.cpp */,
				673EEA50265D591100340896 /* windowManager.cpp */,
				673EEA51265D591100340896 /* windowManager.hpp */,
				673EEA57265E9F8C00340896 /* debugMessengerUtil.cpp */,
				673EEA58265E9F8C00340896 /* debugMessengerUtil.hpp */,
				673EEA5A265EA8F200340896 /* vulkan.cpp */,
				673EEA5B265EA8F200340896 /* vulkan.hpp */,
			);
			path = "vulkan-fun";
			sourceTree = "<group>";
		};
/* End PBXGroup section */

/* Begin PBXNativeTarget section */
		67DA505F26531D3A003E0755 /* vulkan-fun */ = {
			isa = PBXNativeTarget;
			buildConfigurationList = 67DA506726531D3A003E0755 /* Build configuration list for PBXNativeTarget "vulkan-fun" */;
			buildPhases = (
				67DA505D26531D3A003E0755 /* Frameworks */,
				67DA505E26531D3A003E0755 /* CopyFiles */,
				67DA505C26531D3A003E0755 /* Sources */,
			);
			buildRules = (
			);
			dependencies = (
			);
			name = "vulkan-fun";
			productName = "vulkan-fun";
			productReference = 67DA506026531D3A003E0755 /* vulkan-fun */;
			productType = "com.apple.product-type.tool";
		};
/* End PBXNativeTarget section */

/* Begin PBXProject section */
		67DA505826531D3A003E0755 /* Project object */ = {
			isa = PBXProject;
			attributes = {
				LastUpgradeCheck = 1250;
				TargetAttributes = {
					67DA505F26531D3A003E0755 = {
						CreatedOnToolsVersion = 12.5;
					};
				};
			};
			buildConfigurationList = 67DA505B26531D3A003E0755 /* Build configuration list for PBXProject "vulkan-fun" */;
			compatibilityVersion = "Xcode 9.3";
			developmentRegion = en;
			hasScannedForEncodings = 0;
			knownRegions = (
				en,
				Base,
			);
			mainGroup = 67DA505726531D3A003E0755;
			productRefGroup = 67DA506126531D3A003E0755 /* Products */;
			projectDirPath = "";
			projectRoot = "";
			targets = (
				67DA505F26531D3A003E0755 /* vulkan-fun */,
			);
		};
/* End PBXProject section */

/* Begin PBXSourcesBuildPhase section */
		67DA505C26531D3A003E0755 /* Sources */ = {
			isa = PBXSourcesBuildPhase;
			buildActionMask = 2147483647;
			files = (
				673EEA5C265EA8F200340896 /* vulkan.cpp in Sources */,
				67DA506426531D3A003E0755 /* main.cpp in Sources */,
				673EEA52265D591100340896 /* windowManager.cpp in Sources */,
				673EEA59265E9F8C00340896 /* debugMessengerUtil.cpp in Sources */,
			);
			runOnlyForDeploymentPostprocessing = 0;
		};
/* End PBXSourcesBuildPhase section */

/* Begin XCBuildConfiguration section */
		67DA506526531D3A003E0755 /* Debug */ = {
			isa = XCBuildConfiguration;
			buildSettings = {
				ALWAYS_SEARCH_USER_PATHS = NO;
				CLANG_ANALYZER_NONNULL = YES;
				CLANG_ANALYZER_NUMBER_OBJECT_CONVERSION = YES_AGGRESSIVE;
				CLANG_CXX_LANGUAGE_STANDARD = "gnu++14";
				CLANG_CXX_LIBRARY = "libc++";
				CLANG_ENABLE_MODULES = YES;
				CLANG_ENABLE_OBJC_ARC = YES;
				CLANG_ENABLE_OBJC_WEAK = YES;
				CLANG_WARN_BLOCK_CAPTURE_AUTORELEASING = YES;
				CLANG_WARN_BOOL_CONVERSION = YES;
				CLANG_WARN_COMMA = YES;
				CLANG_WARN_CONSTANT_CONVERSION = YES;
				CLANG_WARN_DEPRECATED_OBJC_IMPLEMENTATIONS = YES;
				CLANG_WARN_DIRECT_OBJC_ISA_USAGE = YES_ERROR;
				CLANG_WARN_DOCUMENTATION_COMMENTS = YES;
				CLANG_WARN_EMPTY_BODY = YES;
				CLANG_WARN_ENUM_CONVERSION = YES;
				CLANG_WARN_INFINITE_RECURSION = YES;
				CLANG_WARN_INT_CONVERSION = YES;
				CLANG_WARN_NON_LITERAL_NULL_CONVERSION = YES;
				CLANG_WARN_OBJC_IMPLICIT_RETAIN_SELF = YES;
				CLANG_WARN_OBJC_LITERAL_CONVERSION = YES;
				CLANG_WARN_OBJC_ROOT_CLASS = YES_ERROR;
				CLANG_WARN_QUOTED_INCLUDE_IN_FRAMEWORK_HEADER = YES;
				CLANG_WARN_RANGE_LOOP_ANALYSIS = YES;
				CLANG_WARN_STRICT_PROTOTYPES = YES;
				CLANG_WARN_SUSPICIOUS_MOVE = YES;
				CLANG_WARN_UNGUARDED_AVAILABILITY = YES_AGGRESSIVE;
				CLANG_WARN_UNREACHABLE_CODE = YES;
				CLANG_WARN__DUPLICATE_METHOD_MATCH = YES;
				COPY_PHASE_STRIP = NO;
				DEBUG_INFORMATION_FORMAT = dwarf;
				ENABLE_STRICT_OBJC_MSGSEND = YES;
				ENABLE_TESTABILITY = YES;
				GCC_C_LANGUAGE_STANDARD = gnu11;
				GCC_DYNAMIC_NO_PIC = NO;
				GCC_NO_COMMON_BLOCKS = YES;
				GCC_OPTIMIZATION_LEVEL = 0;
				GCC_PREPROCESSOR_DEFINITIONS = (
					"DEBUG=1",
					"$(inherited)",
				);
				GCC_WARN_64_TO_32_BIT_CONVERSION = YES;
				GCC_WARN_ABOUT_RETURN_TYPE = YES_ERROR;
				GCC_WARN_UNDECLARED_SELECTOR = YES;
				GCC_WARN_UNINITIALIZED_AUTOS = YES_AGGRESSIVE;
				GCC_WARN_UNUSED_FUNCTION = YES;
				GCC_WARN_UNUSED_VARIABLE = YES;
				MACOSX_DEPLOYMENT_TARGET = 11.3;
				MTL_ENABLE_DEBUG_INFO = INCLUDE_SOURCE;
				MTL_FAST_MATH = YES;
				ONLY_ACTIVE_ARCH = YES;
				SDKROOT = macosx;
			};
			name = Debug;
		};
		67DA506626531D3A003E0755 /* Release */ = {
			isa = XCBuildConfiguration;
			buildSettings = {
				ALWAYS_SEARCH_USER_PATHS = NO;
				CLANG_ANALYZER_NONNULL = YES;
				CLANG_ANALYZER_NUMBER_OBJECT_CONVERSION = YES_AGGRESSIVE;
				CLANG_CXX_LANGUAGE_STANDARD = "gnu++14";
				CLANG_CXX_LIBRARY = "libc++";
				CLANG_ENABLE_MODULES = YES;
				CLANG_ENABLE_OBJC_ARC = YES;
				CLANG_ENABLE_OBJC_WEAK = YES;
				CLANG_WARN_BLOCK_CAPTURE_AUTORELEASING = YES;
				CLANG_WARN_BOOL_CONVERSION = YES;
				CLANG_WARN_COMMA = YES;
				CLANG_WARN_CONSTANT_CONVERSION = YES;
				CLANG_WARN_DEPRECATED_OBJC_IMPLEMENTATIONS = YES;
				CLANG_WARN_DIRECT_OBJC_ISA_USAGE = YES_ERROR;
				CLANG_WARN_DOCUMENTATION_COMMENTS = YES;
				CLANG_WARN_EMPTY_BODY = YES;
				CLANG_WARN_ENUM_CONVERSION = YES;
				CLANG_WARN_INFINITE_RECURSION = YES;
				CLANG_WARN_INT_CONVERSION = YES;
				CLANG_WARN_NON_LITERAL_NULL_CONVERSION = YES;
				CLANG_WARN_OBJC_IMPLICIT_RETAIN_SELF = YES;
				CLANG_WARN_OBJC_LITERAL_CONVERSION = YES;
				CLANG_WARN_OBJC_ROOT_CLASS = YES_ERROR;
				CLANG_WARN_QUOTED_INCLUDE_IN_FRAMEWORK_HEADER = YES;
				CLANG_WARN_RANGE_LOOP_ANALYSIS = YES;
				CLANG_WARN_STRICT_PROTOTYPES = YES;
				CLANG_WARN_SUSPICIOUS_MOVE = YES;
				CLANG_WARN_UNGUARDED_AVAILABILITY = YES_AGGRESSIVE;
				CLANG_WARN_UNREACHABLE_CODE = YES;
				CLANG_WARN__DUPLICATE_METHOD_MATCH = YES;
				COPY_PHASE_STRIP = NO;
				DEBUG_INFORMATION_FORMAT = "dwarf-with-dsym";
				ENABLE_NS_ASSERTIONS = NO;
				ENABLE_STRICT_OBJC_MSGSEND = YES;
				GCC_C_LANGUAGE_STANDARD = gnu11;
				GCC_NO_COMMON_BLOCKS = YES;
				GCC_WARN_64_TO_32_BIT_CONVERSION = YES;
				GCC_WARN_ABOUT_RETURN_TYPE = YES_ERROR;
				GCC_WARN_UNDECLARED_SELECTOR = YES;
				GCC_WARN_UNINITIALIZED_AUTOS = YES_AGGRESSIVE;
				GCC_WARN_UNUSED_FUNCTION = YES;
				GCC_WARN_UNUSED_VARIABLE = YES;
				MACOSX_DEPLOYMENT_TARGET = 11.3;
				MTL_ENABLE_DEBUG_INFO = NO;
				MTL_FAST_MATH = YES;
				SDKROOT = macosx;
			};
			name = Release;
		};
		67DA506826531D3A003E0755 /* Debug */ = {
			isa = XCBuildConfiguration;
			buildSettings = {
				CLANG_WARN_DOCUMENTATION_COMMENTS = NO;
				CODE_SIGN_STYLE = Automatic;
				HEADER_SEARCH_PATHS = (
					/usr/local/include/,
					/Users/tylerrajotte/VulkanSDK/1.2.176.1/macOS/include,
					/opt/homebrew/include/,
				);
				LIBRARY_SEARCH_PATHS = (
					/opt/homebrew/lib/,
					/Users/tylerrajotte/VulkanSDK/1.2.176.1/macOS/lib,
					/usr/local/lib/,
				);
				PRODUCT_NAME = "$(TARGET_NAME)";
			};
			name = Debug;
		};
		67DA506926531D3A003E0755 /* Release */ = {
			isa = XCBuildConfiguration;
			buildSettings = {
				CLANG_WARN_DOCUMENTATION_COMMENTS = NO;
				CODE_SIGN_STYLE = Automatic;
				HEADER_SEARCH_PATHS = (
					/usr/local/include/,
					/Users/tylerrajotte/VulkanSDK/1.2.176.1/macOS/include,
					/opt/homebrew/include/,
				);
				LIBRARY_SEARCH_PATHS = (
					/opt/homebrew/lib/,
					/Users/tylerrajotte/VulkanSDK/1.2.176.1/macOS/lib,
					/usr/local/lib/,
				);
				PRODUCT_NAME = "$(TARGET_NAME)";
			};
			name = Release;
		};
/* End XCBuildConfiguration section */

/* Begin XCConfigurationList section */
		67DA505B26531D3A003E0755 /* Build configuration list for PBXProject "vulkan-fun" */ = {
			isa = XCConfigurationList;
			buildConfigurations = (
				67DA506526531D3A003E0755 /* Debug */,
				67DA506626531D3A003E0755 /* Release */,
			);
			defaultConfigurationIsVisible = 0;
			defaultConfigurationName = Release;
		};
		67DA506726531D3A003E0755 /* Build configuration list for PBXNativeTarget "vulkan-fun" */ = {
			isa = XCConfigurationList;
			buildConfigurations = (
				67DA506826531D3A003E0755 /* Debug */,
				67DA506926531D3A003E0755 /* Release */,
			);
			defaultConfigurationIsVisible = 0;
			defaultConfigurationName = Release;
		};
/* End XCConfigurationList section */
	};
	rootObject = 67DA505826531D3A003E0755 /* Project object */;
}
